PODS:
  - Kingfisher (5.8.1):
    - Kingfisher/Core (= 5.8.1)
  - Kingfisher/Core (5.8.1)
  - KingfisherWebP (0.7.0):
    - Kingfisher (~> 5.8)
    - libwebp (>= 0.5.0)
  - libwebp (1.0.3):
    - libwebp/demux (= 1.0.3)
    - libwebp/mux (= 1.0.3)
    - libwebp/webp (= 1.0.3)
  - libwebp/demux (1.0.3):
    - libwebp/webp
  - libwebp/mux (1.0.3):
    - libwebp/demux
  - libwebp/webp (1.0.3)

DEPENDENCIES:
  - KingfisherWebP (from `../`)

SPEC REPOS:
  https://github.com/CocoaPods/Specs.git:
    - Kingfisher
    - libwebp

EXTERNAL SOURCES:
  KingfisherWebP:
    :path: "../"

SPEC CHECKSUMS:
  Kingfisher: de969e451c81ca6c07a454bc36fea84b8b08c3c7
  KingfisherWebP: 50d8389a48a9004c36e655470ccbff96de1ced9c
  libwebp: 057912d6d0abfb6357d8bb05c0ea470301f5d61e

PODFILE CHECKSUM: 912da7ea47a860c96d3fc41cfad2d5c868f105ec

COCOAPODS: 1.9.1
